
Microsoft Visual Studio Solution File, Format Version 12.00
# Visual Studio Version 16
VisualStudioVersion = 16.0.29728.190
MinimumVisualStudioVersion = 10.0.40219.1
Project("{FAE04EC0-301F-11D3-BF4B-00C04F79EFBC}") = "Odev2", "Odev2\Odev2.csproj", "{8F2478C2-95D6-4C88-A969-DAE7ED1D96CC}"
EndProject
Global
	GlobalSection(SolutionConfigurationPlatforms) = preSolution
		Debug|Any CPU = Debug|Any CPU
		Release|Any CPU = Release|Any CPU
	EndGlobalSection
	GlobalSection(ProjectConfigurationPlatforms) = postSolution
		{8F2478C2-95D6-4C88-A969-DAE7ED1D96CC}.Debug|Any CPU.ActiveCfg = Debug|Any CPU
		{8F2478C2-95D6-4C88-A969-DAE7ED1D96CC}.Debug|Any CPU.Build.0 = Debug|Any CPU
		{8F2478C2-95D6-4C88-A969-DAE7ED1D96CC}.Release|Any CPU.ActiveCfg = Release|Any CPU
		{8F2478C2-95D6-4C88-A969-DAE7ED1D96CC}.Release|Any CPU.Build.0 = Release|Any CPU
	EndGlobalSection
	GlobalSection(SolutionProperties) = preSolution
		HideSolutionNode = FALSE
	EndGlobalSection
	GlobalSection(ExtensibilityGlobals) = postSolution
		SolutionGuid = {C3A9E952-4912-49DE-B678-E1E9C2C39ED9}
	EndGlobalSection
EndGlobal
