
Microsoft Visual Studio Solution File, Format Version 12.00
# Visual Studio Version 16
VisualStudioVersion = 16.0.29728.190
MinimumVisualStudioVersion = 10.0.40219.1
Project("{FAE04EC0-301F-11D3-BF4B-00C04F79EFBC}") = "Odev3", "Odev3\Odev3.csproj", "{9DF6BC64-2529-4465-A9AD-8F51EC32A704}"
EndProject
Global
	GlobalSection(SolutionConfigurationPlatforms) = preSolution
		Debug|Any CPU = Debug|Any CPU
		Release|Any CPU = Release|Any CPU
	EndGlobalSection
	GlobalSection(ProjectConfigurationPlatforms) = postSolution
		{9DF6BC64-2529-4465-A9AD-8F51EC32A704}.Debug|Any CPU.ActiveCfg = Debug|Any CPU
		{9DF6BC64-2529-4465-A9AD-8F51EC32A704}.Debug|Any CPU.Build.0 = Debug|Any CPU
		{9DF6BC64-2529-4465-A9AD-8F51EC32A704}.Release|Any CPU.ActiveCfg = Release|Any CPU
		{9DF6BC64-2529-4465-A9AD-8F51EC32A704}.Release|Any CPU.Build.0 = Release|Any CPU
	EndGlobalSection
	GlobalSection(SolutionProperties) = preSolution
		HideSolutionNode = FALSE
	EndGlobalSection
	GlobalSection(ExtensibilityGlobals) = postSolution
		SolutionGuid = {B4E0A30A-0BFB-4209-AF71-81D930E151E8}
	EndGlobalSection
EndGlobal
